
Microsoft Visual Studio Solution File, Format Version 12.00
# Visual Studio 15
VisualStudioVersion = 15.0.26124.0
MinimumVisualStudioVersion = 15.0.26124.0
Project("{2150E333-8FDC-42A3-9474-1A3956D46DE8}") = "src", "src", "{B6E11BFA-4DF2-4D39-B9E8-EEBF0D2A245A}"
EndProject
Project("{FAE04EC0-301F-11D3-BF4B-00C04F79EFBC}") = "PhoneMonitor.Host", "src\PhoneMonitor.Host\PhoneMonitor.Host.csproj", "{5D6809EB-FDDD-45C7-8FDF-04378A07287F}"
EndProject
Global
	GlobalSection(SolutionConfigurationPlatforms) = preSolution
		Debug|Any CPU = Debug|Any CPU
		Debug|x64 = Debug|x64
		Debug|x86 = Debug|x86
		Release|Any CPU = Release|Any CPU
		Release|x64 = Release|x64
		Release|x86 = Release|x86
	EndGlobalSection
	GlobalSection(SolutionProperties) = preSolution
		HideSolutionNode = FALSE
	EndGlobalSection
	GlobalSection(ProjectConfigurationPlatforms) = postSolution
		{5D6809EB-FDDD-45C7-8FDF-04378A07287F}.Debug|Any CPU.ActiveCfg = Debug|Any CPU
		{5D6809EB-FDDD-45C7-8FDF-04378A07287F}.Debug|Any CPU.Build.0 = Debug|Any CPU
		{5D6809EB-FDDD-45C7-8FDF-04378A07287F}.Debug|x64.ActiveCfg = Debug|Any CPU
		{5D6809EB-FDDD-45C7-8FDF-04378A07287F}.Debug|x64.Build.0 = Debug|Any CPU
		{5D6809EB-FDDD-45C7-8FDF-04378A07287F}.Debug|x86.ActiveCfg = Debug|Any CPU
		{5D6809EB-FDDD-45C7-8FDF-04378A07287F}.Debug|x86.Build.0 = Debug|Any CPU
		{5D6809EB-FDDD-45C7-8FDF-04378A07287F}.Release|Any CPU.ActiveCfg = Release|Any CPU
		{5D6809EB-FDDD-45C7-8FDF-04378A07287F}.Release|Any CPU.Build.0 = Release|Any CPU
		{5D6809EB-FDDD-45C7-8FDF-04378A07287F}.Release|x64.ActiveCfg = Release|Any CPU
		{5D6809EB-FDDD-45C7-8FDF-04378A07287F}.Release|x64.Build.0 = Release|Any CPU
		{5D6809EB-FDDD-45C7-8FDF-04378A07287F}.Release|x86.ActiveCfg = Release|Any CPU
		{5D6809EB-FDDD-45C7-8FDF-04378A07287F}.Release|x86.Build.0 = Release|Any CPU
	EndGlobalSection
	GlobalSection(NestedProjects) = preSolution
		{5D6809EB-FDDD-45C7-8FDF-04378A07287F} = {B6E11BFA-4DF2-4D39-B9E8-EEBF0D2A245A}
	EndGlobalSection
EndGlobal
